
Microsoft Visual Studio Solution File, Format Version 12.00
# Visual Studio Version 17
VisualStudioVersion = 17.8.34316.72
MinimumVisualStudioVersion = 10.0.40219.1
Project("{9A19103F-16F7-4668-BE54-9A1E7A4F7556}") = "Recipes", "WinFormsApp1\Recipes.csproj", "{339EE7E5-C96C-461F-B113-0D89404889C5}"
EndProject
Global
	GlobalSection(SolutionConfigurationPlatforms) = preSolution
		Debug|Any CPU = Debug|Any CPU
		Release|Any CPU = Release|Any CPU
	EndGlobalSection
	GlobalSection(ProjectConfigurationPlatforms) = postSolution
		{339EE7E5-C96C-461F-B113-0D89404889C5}.Debug|Any CPU.ActiveCfg = Debug|Any CPU
		{339EE7E5-C96C-461F-B113-0D89404889C5}.Debug|Any CPU.Build.0 = Debug|Any CPU
		{339EE7E5-C96C-461F-B113-0D89404889C5}.Release|Any CPU.ActiveCfg = Release|Any CPU
		{339EE7E5-C96C-461F-B113-0D89404889C5}.Release|Any CPU.Build.0 = Release|Any CPU
	EndGlobalSection
	GlobalSection(SolutionProperties) = preSolution
		HideSolutionNode = FALSE
	EndGlobalSection
	GlobalSection(ExtensibilityGlobals) = postSolution
		SolutionGuid = {4DB5BC14-99C2-4E15-BA8D-5D089C38868C}
	EndGlobalSection
EndGlobal
